{
  "name": "meet-docs",
  "version": "0.0.0",
  "lockfileVersion": 3,
  "requires": true,
  "packages": {
    "": {
      "name": "meet-docs",
      "version": "0.0.0",
      "dependencies": {
        "clamp-size": "1.0.1"
      }
    },
    "node_modules/clamp-size": {
      "version": "1.0.1",
      "resolved": "https://registry.npmjs.org/clamp-size/-/clamp-size-1.0.1.tgz",
      "integrity": "sha512-B92PSNJnydBCLjcLqdb9hYBsuz+egahYSXe9mYZS6Hpgv84rY042P4u7J7qXzwxwAfLlbvMjvrkHFOiIQMwApA==",
      "license": "MIT"
    }
  }
}
